
Microsoft Visual Studio Solution File, Format Version 12.00
# Visual Studio 15
Project("{FAE04EC0-301F-11D3-BF4B-00C04F79EFBC}") = "DaveryProjectMain", "Assembly-CSharp.csproj", "{B75E7F11-E0C2-44B7-1317-46B9BD9E77A8}"
EndProject
Project("{FAE04EC0-301F-11D3-BF4B-00C04F79EFBC}") = "DaveryProjectMain", "Assembly-CSharp-Editor.csproj", "{CE4A9BF2-101A-C30F-D8BA-3B3DDACDFB4C}"
EndProject
Global
	GlobalSection(SolutionConfigurationPlatforms) = preSolution
		Debug|Any CPU = Debug|Any CPU
		Release|Any CPU = Release|Any CPU
	EndGlobalSection
	GlobalSection(ProjectConfigurationPlatforms) = postSolution
		{B75E7F11-E0C2-44B7-1317-46B9BD9E77A8}.Debug|Any CPU.ActiveCfg = Debug|Any CPU
		{B75E7F11-E0C2-44B7-1317-46B9BD9E77A8}.Debug|Any CPU.Build.0 = Debug|Any CPU
		{B75E7F11-E0C2-44B7-1317-46B9BD9E77A8}.Release|Any CPU.ActiveCfg = Release|Any CPU
		{B75E7F11-E0C2-44B7-1317-46B9BD9E77A8}.Release|Any CPU.Build.0 = Release|Any CPU
		{CE4A9BF2-101A-C30F-D8BA-3B3DDACDFB4C}.Debug|Any CPU.ActiveCfg = Debug|Any CPU
		{CE4A9BF2-101A-C30F-D8BA-3B3DDACDFB4C}.Debug|Any CPU.Build.0 = Debug|Any CPU
		{CE4A9BF2-101A-C30F-D8BA-3B3DDACDFB4C}.Release|Any CPU.ActiveCfg = Release|Any CPU
		{CE4A9BF2-101A-C30F-D8BA-3B3DDACDFB4C}.Release|Any CPU.Build.0 = Release|Any CPU
	EndGlobalSection
	GlobalSection(SolutionProperties) = preSolution
		HideSolutionNode = FALSE
	EndGlobalSection
EndGlobal
